# This file is automatically @generated by Cargo.
# It is not intended for manual editing.
version = 4

[[package]]
name = "w014-ai-contracts"
version = "0.1.0"

[[package]]
name = "w014-ai-runtime"
version = "0.1.0"

[[package]]
name = "w014-api"
version = "0.1.0"

[[package]]
name = "w014-application"
version = "0.1.0"

[[package]]
name = "w014-authn"
version = "0.1.0"

[[package]]
name = "w014-authz"
version = "0.1.0"

[[package]]
name = "w014-cli"
version = "0.1.0"

[[package]]
name = "w014-document-processing"
version = "0.1.0"

[[package]]
name = "w014-domain"
version = "0.1.0"

[[package]]
name = "w014-jobs"
version = "0.1.0"

[[package]]
name = "w014-observability"
version = "0.1.0"

[[package]]
name = "w014-persistence"
version = "0.1.0"

[[package]]
name = "w014-reporting"
version = "0.1.0"

[[package]]
name = "w014-worker"
version = "0.1.0"
